{
  "object": {
    "pins": [
      {
        "package": "MyFirstSwiftPackage",
        "repositoryURL": "https://github.com/LooseMarek/MyFirstSwiftPackage",
        "state": {
          "branch": null,
          "revision": "5a7ca94b6125beb9ecc9417412366e2a40bd4b4d",
          "version": "1.0.0"
        }
      }
    ]
  },
  "version": 1
}
